// !$*UTF8*$!
{
	archiveVersion = 1;
	classes = {
	};
	objectVersion = 46;
	objects = {

/* Begin PBXBuildFile section */
		0D4C9BBC1D53341E00E1B534 /* main.m in Sources */ = {isa = PBXBuildFile; fileRef = 0D4C9BBB1D53341E00E1B534 /* main.m */; };
		0D4C9BBF1D53341E00E1B534 /* AppDelegate.m in Sources */ = {isa = PBXBuildFile; fileRef = 0D4C9BBE1D53341E00E1B534 /* AppDelegate.m */; };
		0D4C9BC21D53341E00E1B534 /* ViewController.m in Sources */ = {isa = PBXBuildFile; fileRef = 0D4C9BC11D53341E00E1B534 /* ViewController.m */; };
		0D4C9BC51D53341E00E1B534 /* Main.storyboard in Resources */ = {isa = PBXBuildFile; fileRef = 0D4C9BC31D53341E00E1B534 /* Main.storyboard */; };
		0D4C9BC71D53341E00E1B534 /* Assets.xcassets in Resources */ = {isa = PBXBuildFile; fileRef = 0D4C9BC61D53341E00E1B534 /* Assets.xcassets */; };
		0D4C9BCA1D53341E00E1B534 /* LaunchScreen.storyboard in Resources */ = {isa = PBXBuildFile; fileRef = 0D4C9BC81D53341E00E1B534 /* LaunchScreen.storyboard */; };
		0D4C9BD51D53341E00E1B534 /* MealTests.m in Sources */ = {isa = PBXBuildFile; fileRef = 0D4C9BD41D53341E00E1B534 /* MealTests.m */; };
		0D4C9BE01D53341E00E1B534 /* MealUITests.m in Sources */ = {isa = PBXBuildFile; fileRef = 0D4C9BDF1D53341E00E1B534 /* MealUITests.m */; };
		0D4C9BF21D5339A100E1B534 /* ShakeViewController.m in Sources */ = {isa = PBXBuildFile; fileRef = 0D4C9BF11D5339A100E1B534 /* ShakeViewController.m */; };
		0D4C9BF51D5339B500E1B534 /* MineViewController.m in Sources */ = {isa = PBXBuildFile; fileRef = 0D4C9BF41D5339B500E1B534 /* MineViewController.m */; };
		0D4C9BF81D5339CF00E1B534 /* MenuListViewController.m in Sources */ = {isa = PBXBuildFile; fileRef = 0D4C9BF71D5339CF00E1B534 /* MenuListViewController.m */; };
		0D4C9C061D533FC900E1B534 /* RemindMeal.m in Sources */ = {isa = PBXBuildFile; fileRef = 0D4C9C051D533FC900E1B534 /* RemindMeal.m */; };
		0D4C9C0E1D53937900E1B534 /* MenuRequest.m in Sources */ = {isa = PBXBuildFile; fileRef = 0D4C9C0D1D53937900E1B534 /* MenuRequest.m */; };
		0D4C9C111D5393CE00E1B534 /* Menu.m in Sources */ = {isa = PBXBuildFile; fileRef = 0D4C9C101D5393CE00E1B534 /* Menu.m */; };
		0D9EE0631D54E82600360F9E /* MenuListCell.m in Sources */ = {isa = PBXBuildFile; fileRef = 0D9EE0621D54E82600360F9E /* MenuListCell.m */; };
		0D9EE0661D54E84200360F9E /* MenuListCellViewModel.m in Sources */ = {isa = PBXBuildFile; fileRef = 0D9EE0651D54E84200360F9E /* MenuListCellViewModel.m */; };
		39E982C33CB8EA5D22FD88C2 /* libPods-MealTests.a in Frameworks */ = {isa = PBXBuildFile; fileRef = 7E3242BF50AC1782E723A6D7 /* libPods-MealTests.a */; };
		4430BD038C468EA4A19CA709 /* libPods-Meal.a in Frameworks */ = {isa = PBXBuildFile; fileRef = BF05E8BA41C60DFEC3307F81 /* libPods-Meal.a */; };
		79AAE105680401D9B0C8EC2E /* libPods-MealUITests.a in Frameworks */ = {isa = PBXBuildFile; fileRef = C551BA407A8E85631B5A8F11 /* libPods-MealUITests.a */; };
		AEFFDF011D5438830090C5D5 /* EditMenuViewController.m in Sources */ = {isa = PBXBuildFile; fileRef = AEFFDF001D5438830090C5D5 /* EditMenuViewController.m */; };
		AEFFDF051D5468FA0090C5D5 /* EditMenuViewModel.m in Sources */ = {isa = PBXBuildFile; fileRef = AEFFDF041D5468FA0090C5D5 /* EditMenuViewModel.m */; };
		AEFFDF081D54764B0090C5D5 /* MenuListViewModel.m in Sources */ = {isa = PBXBuildFile; fileRef = AEFFDF071D54764B0090C5D5 /* MenuListViewModel.m */; };
/* End PBXBuildFile section */

/* Begin PBXContainerItemProxy section */
		0D4C9BD11D53341E00E1B534 /* PBXContainerItemProxy */ = {
			isa = PBXContainerItemProxy;
			containerPortal = 0D4C9BAF1D53341E00E1B534 /* Project object */;
			proxyType = 1;
			remoteGlobalIDString = 0D4C9BB61D53341E00E1B534;
			remoteInfo = Meal;
		};
		0D4C9BDC1D53341E00E1B534 /* PBXContainerItemProxy */ = {
			isa = PBXContainerItemProxy;
			containerPortal = 0D4C9BAF1D53341E00E1B534 /* Project object */;
			proxyType = 1;
			remoteGlobalIDString = 0D4C9BB61D53341E00E1B534;
			remoteInfo = Meal;
		};
/* End PBXContainerItemProxy section */

/* Begin PBXFileReference section */
		0D4C9BB71D53341E00E1B534 /* Meal.app */ = {isa = PBXFileReference; explicitFileType = wrapper.application; includeInIndex = 0; path = Meal.app; sourceTree = BUILT_PRODUCTS_DIR; };
		0D4C9BBB1D53341E00E1B534 /* main.m */ = {isa = PBXFileReference; lastKnownFileType = sourcecode.c.objc; path = main.m; sourceTree = "<group>"; };
		0D4C9BBD1D53341E00E1B534 /* AppDelegate.h */ = {isa = PBXFileReference; lastKnownFileType = sourcecode.c.h; path = AppDelegate.h; sourceTree = "<group>"; };
		0D4C9BBE1D53341E00E1B534 /* AppDelegate.m */ = {isa = PBXFileReference; lastKnownFileType = sourcecode.c.objc; path = AppDelegate.m; sourceTree = "<group>"; };
		0D4C9BC01D53341E00E1B534 /* ViewController.h */ = {isa = PBXFileReference; lastKnownFileType = sourcecode.c.h; path = ViewController.h; sourceTree = "<group>"; };
		0D4C9BC11D53341E00E1B534 /* ViewController.m */ = {isa = PBXFileReference; lastKnownFileType = sourcecode.c.objc; path = ViewController.m; sourceTree = "<group>"; };
		0D4C9BC41D53341E00E1B534 /* Base */ = {isa = PBXFileReference; lastKnownFileType = file.storyboard; name = Base; path = Base.lproj/Main.storyboard; sourceTree = "<group>"; };
		0D4C9BC61D53341E00E1B534 /* Assets.xcassets */ = {isa = PBXFileReference; lastKnownFileType = folder.assetcatalog; path = Assets.xcassets; sourceTree = "<group>"; };
		0D4C9BC91D53341E00E1B534 /* Base */ = {isa = PBXFileReference; lastKnownFileType = file.storyboard; name = Base; path = Base.lproj/LaunchScreen.storyboard; sourceTree = "<group>"; };
		0D4C9BCB1D53341E00E1B534 /* Info.plist */ = {isa = PBXFileReference; lastKnownFileType = text.plist.xml; path = Info.plist; sourceTree = "<group>"; };
		0D4C9BD01D53341E00E1B534 /* MealTests.xctest */ = {isa = PBXFileReference; explicitFileType = wrapper.cfbundle; includeInIndex = 0; path = MealTests.xctest; sourceTree = BUILT_PRODUCTS_DIR; };
		0D4C9BD41D53341E00E1B534 /* MealTests.m */ = {isa = PBXFileReference; lastKnownFileType = sourcecode.c.objc; path = MealTests.m; sourceTree = "<group>"; };
		0D4C9BD61D53341E00E1B534 /* Info.plist */ = {isa = PBXFileReference; lastKnownFileType = text.plist.xml; path = Info.plist; sourceTree = "<group>"; };
		0D4C9BDB1D53341E00E1B534 /* MealUITests.xctest */ = {isa = PBXFileReference; explicitFileType = wrapper.cfbundle; includeInIndex = 0; path = MealUITests.xctest; sourceTree = BUILT_PRODUCTS_DIR; };
		0D4C9BDF1D53341E00E1B534 /* MealUITests.m */ = {isa = PBXFileReference; lastKnownFileType = sourcecode.c.objc; path = MealUITests.m; sourceTree = "<group>"; };
		0D4C9BE11D53341E00E1B534 /* Info.plist */ = {isa = PBXFileReference; lastKnownFileType = text.plist.xml; path = Info.plist; sourceTree = "<group>"; };
		0D4C9BF01D5339A100E1B534 /* ShakeViewController.h */ = {isa = PBXFileReference; fileEncoding = 4; lastKnownFileType = sourcecode.c.h; path = ShakeViewController.h; sourceTree = "<group>"; };
		0D4C9BF11D5339A100E1B534 /* ShakeViewController.m */ = {isa = PBXFileReference; fileEncoding = 4; lastKnownFileType = sourcecode.c.objc; path = ShakeViewController.m; sourceTree = "<group>"; };
		0D4C9BF31D5339B500E1B534 /* MineViewController.h */ = {isa = PBXFileReference; fileEncoding = 4; lastKnownFileType = sourcecode.c.h; path = MineViewController.h; sourceTree = "<group>"; };
		0D4C9BF41D5339B500E1B534 /* MineViewController.m */ = {isa = PBXFileReference; fileEncoding = 4; lastKnownFileType = sourcecode.c.objc; path = MineViewController.m; sourceTree = "<group>"; };
		0D4C9BF61D5339CF00E1B534 /* MenuListViewController.h */ = {isa = PBXFileReference; fileEncoding = 4; lastKnownFileType = sourcecode.c.h; path = MenuListViewController.h; sourceTree = "<group>"; };
		0D4C9BF71D5339CF00E1B534 /* MenuListViewController.m */ = {isa = PBXFileReference; fileEncoding = 4; lastKnownFileType = sourcecode.c.objc; path = MenuListViewController.m; sourceTree = "<group>"; };
		0D4C9C041D533FC900E1B534 /* RemindMeal.h */ = {isa = PBXFileReference; fileEncoding = 4; lastKnownFileType = sourcecode.c.h; path = RemindMeal.h; sourceTree = "<group>"; };
		0D4C9C051D533FC900E1B534 /* RemindMeal.m */ = {isa = PBXFileReference; fileEncoding = 4; lastKnownFileType = sourcecode.c.objc; path = RemindMeal.m; sourceTree = "<group>"; };
		0D4C9C0C1D53937900E1B534 /* MenuRequest.h */ = {isa = PBXFileReference; fileEncoding = 4; lastKnownFileType = sourcecode.c.h; path = MenuRequest.h; sourceTree = "<group>"; };
		0D4C9C0D1D53937900E1B534 /* MenuRequest.m */ = {isa = PBXFileReference; fileEncoding = 4; lastKnownFileType = sourcecode.c.objc; path = MenuRequest.m; sourceTree = "<group>"; };
		0D4C9C0F1D5393CE00E1B534 /* Menu.h */ = {isa = PBXFileReference; fileEncoding = 4; lastKnownFileType = sourcecode.c.h; path = Menu.h; sourceTree = "<group>"; };
		0D4C9C101D5393CE00E1B534 /* Menu.m */ = {isa = PBXFileReference; fileEncoding = 4; lastKnownFileType = sourcecode.c.objc; path = Menu.m; sourceTree = "<group>"; };
		0D9EE0611D54E82600360F9E /* MenuListCell.h */ = {isa = PBXFileReference; fileEncoding = 4; lastKnownFileType = sourcecode.c.h; path = MenuListCell.h; sourceTree = "<group>"; };
		0D9EE0621D54E82600360F9E /* MenuListCell.m */ = {isa = PBXFileReference; fileEncoding = 4; lastKnownFileType = sourcecode.c.objc; path = MenuListCell.m; sourceTree = "<group>"; };
		0D9EE0641D54E84200360F9E /* MenuListCellViewModel.h */ = {isa = PBXFileReference; fileEncoding = 4; lastKnownFileType = sourcecode.c.h; path = MenuListCellViewModel.h; sourceTree = "<group>"; };
		0D9EE0651D54E84200360F9E /* MenuListCellViewModel.m */ = {isa = PBXFileReference; fileEncoding = 4; lastKnownFileType = sourcecode.c.objc; path = MenuListCellViewModel.m; sourceTree = "<group>"; };
		3DC2D5825E802631CDB72B07 /* Pods-MealUITests.debug.xcconfig */ = {isa = PBXFileReference; includeInIndex = 1; lastKnownFileType = text.xcconfig; name = "Pods-MealUITests.debug.xcconfig"; path = "Pods/Target Support Files/Pods-MealUITests/Pods-MealUITests.debug.xcconfig"; sourceTree = "<group>"; };
		674D94537B2189A99D8B31AB /* Pods-MealTests.debug.xcconfig */ = {isa = PBXFileReference; includeInIndex = 1; lastKnownFileType = text.xcconfig; name = "Pods-MealTests.debug.xcconfig"; path = "Pods/Target Support Files/Pods-MealTests/Pods-MealTests.debug.xcconfig"; sourceTree = "<group>"; };
		749E4C1FC0D80D21003C763B /* Pods-MealUITests.release.xcconfig */ = {isa = PBXFileReference; includeInIndex = 1; lastKnownFileType = text.xcconfig; name = "Pods-MealUITests.release.xcconfig"; path = "Pods/Target Support Files/Pods-MealUITests/Pods-MealUITests.release.xcconfig"; sourceTree = "<group>"; };
		7E3242BF50AC1782E723A6D7 /* libPods-MealTests.a */ = {isa = PBXFileReference; explicitFileType = archive.ar; includeInIndex = 0; path = "libPods-MealTests.a"; sourceTree = BUILT_PRODUCTS_DIR; };
		8BDD40F5B6DACFDD1605D791 /* Pods-Meal.release.xcconfig */ = {isa = PBXFileReference; includeInIndex = 1; lastKnownFileType = text.xcconfig; name = "Pods-Meal.release.xcconfig"; path = "Pods/Target Support Files/Pods-Meal/Pods-Meal.release.xcconfig"; sourceTree = "<group>"; };
		ACD02B04FD3D5BB6EA3BCEE0 /* Pods-Meal.debug.xcconfig */ = {isa = PBXFileReference; includeInIndex = 1; lastKnownFileType = text.xcconfig; name = "Pods-Meal.debug.xcconfig"; path = "Pods/Target Support Files/Pods-Meal/Pods-Meal.debug.xcconfig"; sourceTree = "<group>"; };
		AEFFDEFF1D5438830090C5D5 /* EditMenuViewController.h */ = {isa = PBXFileReference; fileEncoding = 4; lastKnownFileType = sourcecode.c.h; path = EditMenuViewController.h; sourceTree = "<group>"; };
		AEFFDF001D5438830090C5D5 /* EditMenuViewController.m */ = {isa = PBXFileReference; fileEncoding = 4; lastKnownFileType = sourcecode.c.objc; path = EditMenuViewController.m; sourceTree = "<group>"; };
		AEFFDF031D5468FA0090C5D5 /* EditMenuViewModel.h */ = {isa = PBXFileReference; fileEncoding = 4; lastKnownFileType = sourcecode.c.h; path = EditMenuViewModel.h; sourceTree = "<group>"; };
		AEFFDF041D5468FA0090C5D5 /* EditMenuViewModel.m */ = {isa = PBXFileReference; fileEncoding = 4; lastKnownFileType = sourcecode.c.objc; path = EditMenuViewModel.m; sourceTree = "<group>"; };
		AEFFDF061D54764B0090C5D5 /* MenuListViewModel.h */ = {isa = PBXFileReference; fileEncoding = 4; lastKnownFileType = sourcecode.c.h; path = MenuListViewModel.h; sourceTree = "<group>"; };
		AEFFDF071D54764B0090C5D5 /* MenuListViewModel.m */ = {isa = PBXFileReference; fileEncoding = 4; lastKnownFileType = sourcecode.c.objc; path = MenuListViewModel.m; sourceTree = "<group>"; };
		B4CF69063CB6B1C24727FB59 /* Pods-MealTests.release.xcconfig */ = {isa = PBXFileReference; includeInIndex = 1; lastKnownFileType = text.xcconfig; name = "Pods-MealTests.release.xcconfig"; path = "Pods/Target Support Files/Pods-MealTests/Pods-MealTests.release.xcconfig"; sourceTree = "<group>"; };
		BF05E8BA41C60DFEC3307F81 /* libPods-Meal.a */ = {isa = PBXFileReference; explicitFileType = archive.ar; includeInIndex = 0; path = "libPods-Meal.a"; sourceTree = BUILT_PRODUCTS_DIR; };
		C551BA407A8E85631B5A8F11 /* libPods-MealUITests.a */ = {isa = PBXFileReference; explicitFileType = archive.ar; includeInIndex = 0; path = "libPods-MealUITests.a"; sourceTree = BUILT_PRODUCTS_DIR; };
/* End PBXFileReference section */

/* Begin PBXFrameworksBuildPhase section */
		0D4C9BB41D53341E00E1B534 /* Frameworks */ = {
			isa = PBXFrameworksBuildPhase;
			buildActionMask = 2147483647;
			files = (
				4430BD038C468EA4A19CA709 /* libPods-Meal.a in Frameworks */,
			);
			runOnlyForDeploymentPostprocessing = 0;
		};
		0D4C9BCD1D53341E00E1B534 /* Frameworks */ = {
			isa = PBXFrameworksBuildPhase;
			buildActionMask = 2147483647;
			files = (
				39E982C33CB8EA5D22FD88C2 /* libPods-MealTests.a in Frameworks */,
			);
			runOnlyForDeploymentPostprocessing = 0;
		};
		0D4C9BD81D53341E00E1B534 /* Frameworks */ = {
			isa = PBXFrameworksBuildPhase;
			buildActionMask = 2147483647;
			files = (
				79AAE105680401D9B0C8EC2E /* libPods-MealUITests.a in Frameworks */,
			);
			runOnlyForDeploymentPostprocessing = 0;
		};
/* End PBXFrameworksBuildPhase section */

/* Begin PBXGroup section */
		0D4C9BAE1D53341E00E1B534 = {
			isa = PBXGroup;
			children = (
				0D4C9BB91D53341E00E1B534 /* Meal */,
				0D4C9BD31D53341E00E1B534 /* MealTests */,
				0D4C9BDE1D53341E00E1B534 /* MealUITests */,
				0D4C9BB81D53341E00E1B534 /* Products */,
				E6ACD36B86731C76D792A9F5 /* Pods */,
				D6B33482C7C3594F4269C717 /* Frameworks */,
			);
			sourceTree = "<group>";
		};
		0D4C9BB81D53341E00E1B534 /* Products */ = {
			isa = PBXGroup;
			children = (
				0D4C9BB71D53341E00E1B534 /* Meal.app */,
				0D4C9BD01D53341E00E1B534 /* MealTests.xctest */,
				0D4C9BDB1D53341E00E1B534 /* MealUITests.xctest */,
			);
			name = Products;
			sourceTree = "<group>";
		};
		0D4C9BB91D53341E00E1B534 /* Meal */ = {
			isa = PBXGroup;
			children = (
				0D4C9C031D533F8100E1B534 /* Common */,
				0D4C9BEF1D53397500E1B534 /* Shake */,
				0D4C9BEE1D53396C00E1B534 /* Mine */,
				0D4C9BED1D53395800E1B534 /* MenuList */,
				0D4C9BBD1D53341E00E1B534 /* AppDelegate.h */,
				0D4C9BBE1D53341E00E1B534 /* AppDelegate.m */,
				0D4C9BC01D53341E00E1B534 /* ViewController.h */,
				0D4C9BC11D53341E00E1B534 /* ViewController.m */,
				0D4C9BC31D53341E00E1B534 /* Main.storyboard */,
				0D4C9BC61D53341E00E1B534 /* Assets.xcassets */,
				0D4C9BC81D53341E00E1B534 /* LaunchScreen.storyboard */,
				0D4C9BCB1D53341E00E1B534 /* Info.plist */,
				0D4C9BBA1D53341E00E1B534 /* Supporting Files */,
			);
			path = Meal;
			sourceTree = "<group>";
		};
		0D4C9BBA1D53341E00E1B534 /* Supporting Files */ = {
			isa = PBXGroup;
			children = (
				0D4C9BBB1D53341E00E1B534 /* main.m */,
			);
			name = "Supporting Files";
			sourceTree = "<group>";
		};
		0D4C9BD31D53341E00E1B534 /* MealTests */ = {
			isa = PBXGroup;
			children = (
				0D4C9BD41D53341E00E1B534 /* MealTests.m */,
				0D4C9BD61D53341E00E1B534 /* Info.plist */,
			);
			path = MealTests;
			sourceTree = "<group>";
		};
		0D4C9BDE1D53341E00E1B534 /* MealUITests */ = {
			isa = PBXGroup;
			children = (
				0D4C9BDF1D53341E00E1B534 /* MealUITests.m */,
				0D4C9BE11D53341E00E1B534 /* Info.plist */,
			);
			path = MealUITests;
			sourceTree = "<group>";
		};
		0D4C9BED1D53395800E1B534 /* MenuList */ = {
			isa = PBXGroup;
			children = (
				0D4C9BFF1D533BFC00E1B534 /* View */,
				0D4C9C001D533C1500E1B534 /* ViewModel */,
				0D4C9C011D533C3600E1B534 /* Model */,
				0D4C9BF61D5339CF00E1B534 /* MenuListViewController.h */,
				0D4C9BF71D5339CF00E1B534 /* MenuListViewController.m */,
				AEFFDEFF1D5438830090C5D5 /* EditMenuViewController.h */,
				AEFFDF001D5438830090C5D5 /* EditMenuViewController.m */,
			);
			path = MenuList;
			sourceTree = "<group>";
		};
		0D4C9BEE1D53396C00E1B534 /* Mine */ = {
			isa = PBXGroup;
			children = (
				0D4C9BFE1D533BA700E1B534 /* View */,
				0D4C9BFD1D533B8B00E1B534 /* ViewModel */,
				0D4C9BFC1D533B6D00E1B534 /* Model */,
				0D4C9BF31D5339B500E1B534 /* MineViewController.h */,
				0D4C9BF41D5339B500E1B534 /* MineViewController.m */,
			);
			path = Mine;
			sourceTree = "<group>";
		};
		0D4C9BEF1D53397500E1B534 /* Shake */ = {
			isa = PBXGroup;
			children = (
				0D4C9BFB1D533B3600E1B534 /* View */,
				0D4C9BFA1D533B0B00E1B534 /* ViewModel */,
				0D4C9BF91D533AF700E1B534 /* Model */,
				0D4C9BF01D5339A100E1B534 /* ShakeViewController.h */,
				0D4C9BF11D5339A100E1B534 /* ShakeViewController.m */,
			);
			path = Shake;
			sourceTree = "<group>";
		};
		0D4C9BF91D533AF700E1B534 /* Model */ = {
			isa = PBXGroup;
			children = (
			);
			name = Model;
			sourceTree = "<group>";
		};
		0D4C9BFA1D533B0B00E1B534 /* ViewModel */ = {
			isa = PBXGroup;
			children = (
			);
			name = ViewModel;
			sourceTree = "<group>";
		};
		0D4C9BFB1D533B3600E1B534 /* View */ = {
			isa = PBXGroup;
			children = (
			);
			name = View;
			sourceTree = "<group>";
		};
		0D4C9BFC1D533B6D00E1B534 /* Model */ = {
			isa = PBXGroup;
			children = (
			);
			name = Model;
			sourceTree = "<group>";
		};
		0D4C9BFD1D533B8B00E1B534 /* ViewModel */ = {
			isa = PBXGroup;
			children = (
			);
			name = ViewModel;
			sourceTree = "<group>";
		};
		0D4C9BFE1D533BA700E1B534 /* View */ = {
			isa = PBXGroup;
			children = (
			);
			name = View;
			sourceTree = "<group>";
		};
		0D4C9BFF1D533BFC00E1B534 /* View */ = {
			isa = PBXGroup;
			children = (
				0D9EE0611D54E82600360F9E /* MenuListCell.h */,
				0D9EE0621D54E82600360F9E /* MenuListCell.m */,
			);
			name = View;
			sourceTree = "<group>";
		};
		0D4C9C001D533C1500E1B534 /* ViewModel */ = {
			isa = PBXGroup;
			children = (
				AEFFDF031D5468FA0090C5D5 /* EditMenuViewModel.h */,
				AEFFDF041D5468FA0090C5D5 /* EditMenuViewModel.m */,
				AEFFDF061D54764B0090C5D5 /* MenuListViewModel.h */,
				AEFFDF071D54764B0090C5D5 /* MenuListViewModel.m */,
				0D9EE0641D54E84200360F9E /* MenuListCellViewModel.h */,
				0D9EE0651D54E84200360F9E /* MenuListCellViewModel.m */,
			);
			name = ViewModel;
			sourceTree = "<group>";
		};
		0D4C9C011D533C3600E1B534 /* Model */ = {
			isa = PBXGroup;
			children = (
				0D4C9C0C1D53937900E1B534 /* MenuRequest.h */,
				0D4C9C0D1D53937900E1B534 /* MenuRequest.m */,
				0D4C9C0F1D5393CE00E1B534 /* Menu.h */,
				0D4C9C101D5393CE00E1B534 /* Menu.m */,
			);
			name = Model;
			sourceTree = "<group>";
		};
		0D4C9C031D533F8100E1B534 /* Common */ = {
			isa = PBXGroup;
			children = (
				0D4C9C041D533FC900E1B534 /* RemindMeal.h */,
				0D4C9C051D533FC900E1B534 /* RemindMeal.m */,
			);
			path = Common;
			sourceTree = "<group>";
		};
		D6B33482C7C3594F4269C717 /* Frameworks */ = {
			isa = PBXGroup;
			children = (
				BF05E8BA41C60DFEC3307F81 /* libPods-Meal.a */,
				7E3242BF50AC1782E723A6D7 /* libPods-MealTests.a */,
				C551BA407A8E85631B5A8F11 /* libPods-MealUITests.a */,
			);
			name = Frameworks;
			sourceTree = "<group>";
		};
		E6ACD36B86731C76D792A9F5 /* Pods */ = {
			isa = PBXGroup;
			children = (
				ACD02B04FD3D5BB6EA3BCEE0 /* Pods-Meal.debug.xcconfig */,
				8BDD40F5B6DACFDD1605D791 /* Pods-Meal.release.xcconfig */,
				674D94537B2189A99D8B31AB /* Pods-MealTests.debug.xcconfig */,
				B4CF69063CB6B1C24727FB59 /* Pods-MealTests.release.xcconfig */,
				3DC2D5825E802631CDB72B07 /* Pods-MealUITests.debug.xcconfig */,
				749E4C1FC0D80D21003C763B /* Pods-MealUITests.release.xcconfig */,
			);
			name = Pods;
			sourceTree = "<group>";
		};
/* End PBXGroup section */

/* Begin PBXNativeTarget section */
		0D4C9BB61D53341E00E1B534 /* Meal */ = {
			isa = PBXNativeTarget;
			buildConfigurationList = 0D4C9BE41D53341E00E1B534 /* Build configuration list for PBXNativeTarget "Meal" */;
			buildPhases = (
				817243E138A397C0CF9337D3 /* [CP] Check Pods Manifest.lock */,
				0D4C9BB31D53341E00E1B534 /* Sources */,
				0D4C9BB41D53341E00E1B534 /* Frameworks */,
				0D4C9BB51D53341E00E1B534 /* Resources */,
				833F5DF21D3BE7341FFA5605 /* [CP] Embed Pods Frameworks */,
				ADD881CF902AEFC0C79E71BC /* [CP] Copy Pods Resources */,
			);
			buildRules = (
			);
			dependencies = (
			);
			name = Meal;
			productName = Meal;
			productReference = 0D4C9BB71D53341E00E1B534 /* Meal.app */;
			productType = "com.apple.product-type.application";
		};
		0D4C9BCF1D53341E00E1B534 /* MealTests */ = {
			isa = PBXNativeTarget;
			buildConfigurationList = 0D4C9BE71D53341E00E1B534 /* Build configuration list for PBXNativeTarget "MealTests" */;
			buildPhases = (
				8B2292B22AEA4905ECA72E24 /* [CP] Check Pods Manifest.lock */,
				0D4C9BCC1D53341E00E1B534 /* Sources */,
				0D4C9BCD1D53341E00E1B534 /* Frameworks */,
				0D4C9BCE1D53341E00E1B534 /* Resources */,
				6CB640874A6B17178C66FA40 /* [CP] Embed Pods Frameworks */,
				80748E0077979C25EE784B51 /* [CP] Copy Pods Resources */,
			);
			buildRules = (
			);
			dependencies = (
				0D4C9BD21D53341E00E1B534 /* PBXTargetDependency */,
			);
			name = MealTests;
			productName = MealTests;
			productReference = 0D4C9BD01D53341E00E1B534 /* MealTests.xctest */;
			productType = "com.apple.product-type.bundle.unit-test";
		};
		0D4C9BDA1D53341E00E1B534 /* MealUITests */ = {
			isa = PBXNativeTarget;
			buildConfigurationList = 0D4C9BEA1D53341E00E1B534 /* Build configuration list for PBXNativeTarget "MealUITests" */;
			buildPhases = (
				DFCA54F1279B419552DD9975 /* [CP] Check Pods Manifest.lock */,
				0D4C9BD71D53341E00E1B534 /* Sources */,
				0D4C9BD81D53341E00E1B534 /* Frameworks */,
				0D4C9BD91D53341E00E1B534 /* Resources */,
				59C5F1950CA4A3AFAF7D2E82 /* [CP] Copy Pods Resources */,
			);
			buildRules = (
			);
			dependencies = (
				0D4C9BDD1D53341E00E1B534 /* PBXTargetDependency */,
			);
			name = MealUITests;
			productName = MealUITests;
			productReference = 0D4C9BDB1D53341E00E1B534 /* MealUITests.xctest */;
			productType = "com.apple.product-type.bundle.ui-testing";
		};
/* End PBXNativeTarget section */

/* Begin PBXProject section */
		0D4C9BAF1D53341E00E1B534 /* Project object */ = {
			isa = PBXProject;
			attributes = {
				LastUpgradeCheck = 0730;
				ORGANIZATIONNAME = JingZhao;
				TargetAttributes = {
					0D4C9BB61D53341E00E1B534 = {
						CreatedOnToolsVersion = 7.3.1;
						DevelopmentTeam = 25EZUPR5QA;
					};
					0D4C9BCF1D53341E00E1B534 = {
						CreatedOnToolsVersion = 7.3.1;
						DevelopmentTeam = 6888X9CX64;
						TestTargetID = 0D4C9BB61D53341E00E1B534;
					};
					0D4C9BDA1D53341E00E1B534 = {
						CreatedOnToolsVersion = 7.3.1;
						DevelopmentTeam = 6888X9CX64;
						TestTargetID = 0D4C9BB61D53341E00E1B534;
					};
				};
			};
			buildConfigurationList = 0D4C9BB21D53341E00E1B534 /* Build configuration list for PBXProject "Meal" */;
			compatibilityVersion = "Xcode 3.2";
			developmentRegion = English;
			hasScannedForEncodings = 0;
			knownRegions = (
				en,
				Base,
			);
			mainGroup = 0D4C9BAE1D53341E00E1B534;
			productRefGroup = 0D4C9BB81D53341E00E1B534 /* Products */;
			projectDirPath = "";
			projectRoot = "";
			targets = (
				0D4C9BB61D53341E00E1B534 /* Meal */,
				0D4C9BCF1D53341E00E1B534 /* MealTests */,
				0D4C9BDA1D53341E00E1B534 /* MealUITests */,
			);
		};
/* End PBXProject section */

/* Begin PBXResourcesBuildPhase section */
		0D4C9BB51D53341E00E1B534 /* Resources */ = {
			isa = PBXResourcesBuildPhase;
			buildActionMask = 2147483647;
			files = (
				0D4C9BCA1D53341E00E1B534 /* LaunchScreen.storyboard in Resources */,
				0D4C9BC71D53341E00E1B534 /* Assets.xcassets in Resources */,
				0D4C9BC51D53341E00E1B534 /* Main.storyboard in Resources */,
			);
			runOnlyForDeploymentPostprocessing = 0;
		};
		0D4C9BCE1D53341E00E1B534 /* Resources */ = {
			isa = PBXResourcesBuildPhase;
			buildActionMask = 2147483647;
			files = (
			);
			runOnlyForDeploymentPostprocessing = 0;
		};
		0D4C9BD91D53341E00E1B534 /* Resources */ = {
			isa = PBXResourcesBuildPhase;
			buildActionMask = 2147483647;
			files = (
			);
			runOnlyForDeploymentPostprocessing = 0;
		};
/* End PBXResourcesBuildPhase section */

/* Begin PBXShellScriptBuildPhase section */
		59C5F1950CA4A3AFAF7D2E82 /* [CP] Copy Pods Resources */ = {
			isa = PBXShellScriptBuildPhase;
			buildActionMask = 2147483647;
			files = (
			);
			inputPaths = (
			);
			name = "[CP] Copy Pods Resources";
			outputPaths = (
			);
			runOnlyForDeploymentPostprocessing = 0;
			shellPath = /bin/sh;
			shellScript = "\"${SRCROOT}/Pods/Target Support Files/Pods-MealUITests/Pods-MealUITests-resources.sh\"\n";
			showEnvVarsInLog = 0;
		};
		6CB640874A6B17178C66FA40 /* [CP] Embed Pods Frameworks */ = {
			isa = PBXShellScriptBuildPhase;
			buildActionMask = 2147483647;
			files = (
			);
			inputPaths = (
			);
			name = "[CP] Embed Pods Frameworks";
			outputPaths = (
			);
			runOnlyForDeploymentPostprocessing = 0;
			shellPath = /bin/sh;
			shellScript = "\"${SRCROOT}/Pods/Target Support Files/Pods-MealTests/Pods-MealTests-frameworks.sh\"\n";
			showEnvVarsInLog = 0;
		};
		80748E0077979C25EE784B51 /* [CP] Copy Pods Resources */ = {
			isa = PBXShellScriptBuildPhase;
			buildActionMask = 2147483647;
			files = (
			);
			inputPaths = (
			);
			name = "[CP] Copy Pods Resources";
			outputPaths = (
			);
			runOnlyForDeploymentPostprocessing = 0;
			shellPath = /bin/sh;
			shellScript = "\"${SRCROOT}/Pods/Target Support Files/Pods-MealTests/Pods-MealTests-resources.sh\"\n";
			showEnvVarsInLog = 0;
		};
		817243E138A397C0CF9337D3 /* [CP] Check Pods Manifest.lock */ = {
			isa = PBXShellScriptBuildPhase;
			buildActionMask = 2147483647;
			files = (
			);
			inputPaths = (
			);
			name = "[CP] Check Pods Manifest.lock";
			outputPaths = (
			);
			runOnlyForDeploymentPostprocessing = 0;
			shellPath = /bin/sh;
			shellScript = "diff \"${PODS_ROOT}/../Podfile.lock\" \"${PODS_ROOT}/Manifest.lock\" > /dev/null\nif [[ $? != 0 ]] ; then\n    cat << EOM\nerror: The sandbox is not in sync with the Podfile.lock. Run 'pod install' or update your CocoaPods installation.\nEOM\n    exit 1\nfi\n";
			showEnvVarsInLog = 0;
		};
		833F5DF21D3BE7341FFA5605 /* [CP] Embed Pods Frameworks */ = {
			isa = PBXShellScriptBuildPhase;
			buildActionMask = 2147483647;
			files = (
			);
			inputPaths = (
			);
			name = "[CP] Embed Pods Frameworks";
			outputPaths = (
			);
			runOnlyForDeploymentPostprocessing = 0;
			shellPath = /bin/sh;
			shellScript = "\"${SRCROOT}/Pods/Target Support Files/Pods-Meal/Pods-Meal-frameworks.sh\"\n";
			showEnvVarsInLog = 0;
		};
		8B2292B22AEA4905ECA72E24 /* [CP] Check Pods Manifest.lock */ = {
			isa = PBXShellScriptBuildPhase;
			buildActionMask = 2147483647;
			files = (
			);
			inputPaths = (
			);
			name = "[CP] Check Pods Manifest.lock";
			outputPaths = (
			);
			runOnlyForDeploymentPostprocessing = 0;
			shellPath = /bin/sh;
			shellScript = "diff \"${PODS_ROOT}/../Podfile.lock\" \"${PODS_ROOT}/Manifest.lock\" > /dev/null\nif [[ $? != 0 ]] ; then\n    cat << EOM\nerror: The sandbox is not in sync with the Podfile.lock. Run 'pod install' or update your CocoaPods installation.\nEOM\n    exit 1\nfi\n";
			showEnvVarsInLog = 0;
		};
		ADD881CF902AEFC0C79E71BC /* [CP] Copy Pods Resources */ = {
			isa = PBXShellScriptBuildPhase;
			buildActionMask = 2147483647;
			files = (
			);
			inputPaths = (
			);
			name = "[CP] Copy Pods Resources";
			outputPaths = (
			);
			runOnlyForDeploymentPostprocessing = 0;
			shellPath = /bin/sh;
			shellScript = "\"${SRCROOT}/Pods/Target Support Files/Pods-Meal/Pods-Meal-resources.sh\"\n";
			showEnvVarsInLog = 0;
		};
		DFCA54F1279B419552DD9975 /* [CP] Check Pods Manifest.lock */ = {
			isa = PBXShellScriptBuildPhase;
			buildActionMask = 2147483647;
			files = (
			);
			inputPaths = (
			);
			name = "[CP] Check Pods Manifest.lock";
			outputPaths = (
			);
			runOnlyForDeploymentPostprocessing = 0;
			shellPath = /bin/sh;
			shellScript = "diff \"${PODS_ROOT}/../Podfile.lock\" \"${PODS_ROOT}/Manifest.lock\" > /dev/null\nif [[ $? != 0 ]] ; then\n    cat << EOM\nerror: The sandbox is not in sync with the Podfile.lock. Run 'pod install' or update your CocoaPods installation.\nEOM\n    exit 1\nfi\n";
			showEnvVarsInLog = 0;
		};
/* End PBXShellScriptBuildPhase section */

/* Begin PBXSourcesBuildPhase section */
		0D4C9BB31D53341E00E1B534 /* Sources */ = {
			isa = PBXSourcesBuildPhase;
			buildActionMask = 2147483647;
			files = (
				AEFFDF011D5438830090C5D5 /* EditMenuViewController.m in Sources */,
				0D4C9BC21D53341E00E1B534 /* ViewController.m in Sources */,
				0D4C9BBF1D53341E00E1B534 /* AppDelegate.m in Sources */,
				0D9EE0631D54E82600360F9E /* MenuListCell.m in Sources */,
				0D4C9BF51D5339B500E1B534 /* MineViewController.m in Sources */,
				0D4C9BF81D5339CF00E1B534 /* MenuListViewController.m in Sources */,
				0D4C9C061D533FC900E1B534 /* RemindMeal.m in Sources */,
				0D4C9BBC1D53341E00E1B534 /* main.m in Sources */,
				0D4C9BF21D5339A100E1B534 /* ShakeViewController.m in Sources */,
				0D9EE0661D54E84200360F9E /* MenuListCellViewModel.m in Sources */,
				0D4C9C111D5393CE00E1B534 /* Menu.m in Sources */,
				0D4C9C0E1D53937900E1B534 /* MenuRequest.m in Sources */,
				AEFFDF051D5468FA0090C5D5 /* EditMenuViewModel.m in Sources */,
				AEFFDF081D54764B0090C5D5 /* MenuListViewModel.m in Sources */,
			);
			runOnlyForDeploymentPostprocessing = 0;
		};
		0D4C9BCC1D53341E00E1B534 /* Sources */ = {
			isa = PBXSourcesBuildPhase;
			buildActionMask = 2147483647;
			files = (
				0D4C9BD51D53341E00E1B534 /* MealTests.m in Sources */,
			);
			runOnlyForDeploymentPostprocessing = 0;
		};
		0D4C9BD71D53341E00E1B534 /* Sources */ = {
			isa = PBXSourcesBuildPhase;
			buildActionMask = 2147483647;
			files = (
				0D4C9BE01D53341E00E1B534 /* MealUITests.m in Sources */,
			);
			runOnlyForDeploymentPostprocessing = 0;
		};
/* End PBXSourcesBuildPhase section */

/* Begin PBXTargetDependency section */
		0D4C9BD21D53341E00E1B534 /* PBXTargetDependency */ = {
			isa = PBXTargetDependency;
			target = 0D4C9BB61D53341E00E1B534 /* Meal */;
			targetProxy = 0D4C9BD11D53341E00E1B534 /* PBXContainerItemProxy */;
		};
		0D4C9BDD1D53341E00E1B534 /* PBXTargetDependency */ = {
			isa = PBXTargetDependency;
			target = 0D4C9BB61D53341E00E1B534 /* Meal */;
			targetProxy = 0D4C9BDC1D53341E00E1B534 /* PBXContainerItemProxy */;
		};
/* End PBXTargetDependency section */

/* Begin PBXVariantGroup section */
		0D4C9BC31D53341E00E1B534 /* Main.storyboard */ = {
			isa = PBXVariantGroup;
			children = (
				0D4C9BC41D53341E00E1B534 /* Base */,
			);
			name = Main.storyboard;
			sourceTree = "<group>";
		};
		0D4C9BC81D53341E00E1B534 /* LaunchScreen.storyboard */ = {
			isa = PBXVariantGroup;
			children = (
				0D4C9BC91D53341E00E1B534 /* Base */,
			);
			name = LaunchScreen.storyboard;
			sourceTree = "<group>";
		};
/* End PBXVariantGroup section */

/* Begin XCBuildConfiguration section */
		0D4C9BE21D53341E00E1B534 /* Debug */ = {
			isa = XCBuildConfiguration;
			buildSettings = {
				ALWAYS_SEARCH_USER_PATHS = NO;
				CLANG_ANALYZER_NONNULL = YES;
				CLANG_CXX_LANGUAGE_STANDARD = "gnu++0x";
				CLANG_CXX_LIBRARY = "libc++";
				CLANG_ENABLE_MODULES = YES;
				CLANG_ENABLE_OBJC_ARC = YES;
				CLANG_WARN_BOOL_CONVERSION = YES;
				CLANG_WARN_CONSTANT_CONVERSION = YES;
				CLANG_WARN_DIRECT_OBJC_ISA_USAGE = YES_ERROR;
				CLANG_WARN_EMPTY_BODY = YES;
				CLANG_WARN_ENUM_CONVERSION = YES;
				CLANG_WARN_INT_CONVERSION = YES;
				CLANG_WARN_OBJC_ROOT_CLASS = YES_ERROR;
				CLANG_WARN_UNREACHABLE_CODE = YES;
				CLANG_WARN__DUPLICATE_METHOD_MATCH = YES;
				"CODE_SIGN_IDENTITY[sdk=iphoneos*]" = "iPhone Developer";
				COPY_PHASE_STRIP = NO;
				DEBUG_INFORMATION_FORMAT = dwarf;
				ENABLE_STRICT_OBJC_MSGSEND = YES;
				ENABLE_TESTABILITY = YES;
				GCC_C_LANGUAGE_STANDARD = gnu99;
				GCC_DYNAMIC_NO_PIC = NO;
				GCC_NO_COMMON_BLOCKS = YES;
				GCC_OPTIMIZATION_LEVEL = 0;
				GCC_PREPROCESSOR_DEFINITIONS = (
					"DEBUG=1",
					"$(inherited)",
				);
				GCC_WARN_64_TO_32_BIT_CONVERSION = YES;
				GCC_WARN_ABOUT_RETURN_TYPE = YES_ERROR;
				GCC_WARN_UNDECLARED_SELECTOR = YES;
				GCC_WARN_UNINITIALIZED_AUTOS = YES_AGGRESSIVE;
				GCC_WARN_UNUSED_FUNCTION = YES;
				GCC_WARN_UNUSED_VARIABLE = YES;
				IPHONEOS_DEPLOYMENT_TARGET = 9.3;
				MTL_ENABLE_DEBUG_INFO = YES;
				ONLY_ACTIVE_ARCH = YES;
				SDKROOT = iphoneos;
				TARGETED_DEVICE_FAMILY = "1,2";
			};
			name = Debug;
		};
		0D4C9BE31D53341E00E1B534 /* Release */ = {
			isa = XCBuildConfiguration;
			buildSettings = {
				ALWAYS_SEARCH_USER_PATHS = NO;
				CLANG_ANALYZER_NONNULL = YES;
				CLANG_CXX_LANGUAGE_STANDARD = "gnu++0x";
				CLANG_CXX_LIBRARY = "libc++";
				CLANG_ENABLE_MODULES = YES;
				CLANG_ENABLE_OBJC_ARC = YES;
				CLANG_WARN_BOOL_CONVERSION = YES;
				CLANG_WARN_CONSTANT_CONVERSION = YES;
				CLANG_WARN_DIRECT_OBJC_ISA_USAGE = YES_ERROR;
				CLANG_WARN_EMPTY_BODY = YES;
				CLANG_WARN_ENUM_CONVERSION = YES;
				CLANG_WARN_INT_CONVERSION = YES;
				CLANG_WARN_OBJC_ROOT_CLASS = YES_ERROR;
				CLANG_WARN_UNREACHABLE_CODE = YES;
				CLANG_WARN__DUPLICATE_METHOD_MATCH = YES;
				"CODE_SIGN_IDENTITY[sdk=iphoneos*]" = "iPhone Developer";
				COPY_PHASE_STRIP = NO;
				DEBUG_INFORMATION_FORMAT = "dwarf-with-dsym";
				ENABLE_NS_ASSERTIONS = NO;
				ENABLE_STRICT_OBJC_MSGSEND = YES;
				GCC_C_LANGUAGE_STANDARD = gnu99;
				GCC_NO_COMMON_BLOCKS = YES;
				GCC_WARN_64_TO_32_BIT_CONVERSION = YES;
				GCC_WARN_ABOUT_RETURN_TYPE = YES_ERROR;
				GCC_WARN_UNDECLARED_SELECTOR = YES;
				GCC_WARN_UNINITIALIZED_AUTOS = YES_AGGRESSIVE;
				GCC_WARN_UNUSED_FUNCTION = YES;
				GCC_WARN_UNUSED_VARIABLE = YES;
				IPHONEOS_DEPLOYMENT_TARGET = 9.3;
				MTL_ENABLE_DEBUG_INFO = NO;
				SDKROOT = iphoneos;
				TARGETED_DEVICE_FAMILY = "1,2";
				VALIDATE_PRODUCT = YES;
			};
			name = Release;
		};
		0D4C9BE51D53341E00E1B534 /* Debug */ = {
			isa = XCBuildConfiguration;
			baseConfigurationReference = ACD02B04FD3D5BB6EA3BCEE0 /* Pods-Meal.debug.xcconfig */;
			buildSettings = {
				ASSETCATALOG_COMPILER_APPICON_NAME = AppIcon;
				CODE_SIGN_IDENTITY = "iPhone Developer";
				INFOPLIST_FILE = Meal/Info.plist;
				LD_RUNPATH_SEARCH_PATHS = "$(inherited) @executable_path/Frameworks";
				PRODUCT_BUNDLE_IDENTIFIER = com.none.Meal;
				PRODUCT_NAME = "$(TARGET_NAME)";
				PROVISIONING_PROFILE = "";
			};
			name = Debug;
		};
		0D4C9BE61D53341E00E1B534 /* Release */ = {
			isa = XCBuildConfiguration;
			baseConfigurationReference = 8BDD40F5B6DACFDD1605D791 /* Pods-Meal.release.xcconfig */;
			buildSettings = {
				ASSETCATALOG_COMPILER_APPICON_NAME = AppIcon;
				CODE_SIGN_IDENTITY = "iPhone Developer";
				INFOPLIST_FILE = Meal/Info.plist;
				LD_RUNPATH_SEARCH_PATHS = "$(inherited) @executable_path/Frameworks";
				PRODUCT_BUNDLE_IDENTIFIER = com.none.Meal;
				PRODUCT_NAME = "$(TARGET_NAME)";
				PROVISIONING_PROFILE = "";
			};
			name = Release;
		};
		0D4C9BE81D53341E00E1B534 /* Debug */ = {
			isa = XCBuildConfiguration;
			baseConfigurationReference = 674D94537B2189A99D8B31AB /* Pods-MealTests.debug.xcconfig */;
			buildSettings = {
				BUNDLE_LOADER = "$(TEST_HOST)";
				INFOPLIST_FILE = MealTests/Info.plist;
				LD_RUNPATH_SEARCH_PATHS = "$(inherited) @executable_path/Frameworks @loader_path/Frameworks";
				PRODUCT_BUNDLE_IDENTIFIER = com.none.MealTests;
				PRODUCT_NAME = "$(TARGET_NAME)";
				TEST_HOST = "$(BUILT_PRODUCTS_DIR)/Meal.app/Meal";
			};
			name = Debug;
		};
		0D4C9BE91D53341E00E1B534 /* Release */ = {
			isa = XCBuildConfiguration;
			baseConfigurationReference = B4CF69063CB6B1C24727FB59 /* Pods-MealTests.release.xcconfig */;
			buildSettings = {
				BUNDLE_LOADER = "$(TEST_HOST)";
				INFOPLIST_FILE = MealTests/Info.plist;
				LD_RUNPATH_SEARCH_PATHS = "$(inherited) @executable_path/Frameworks @loader_path/Frameworks";
				PRODUCT_BUNDLE_IDENTIFIER = com.none.MealTests;
				PRODUCT_NAME = "$(TARGET_NAME)";
				TEST_HOST = "$(BUILT_PRODUCTS_DIR)/Meal.app/Meal";
			};
			name = Release;
		};
		0D4C9BEB1D53341E00E1B534 /* Debug */ = {
			isa = XCBuildConfiguration;
			baseConfigurationReference = 3DC2D5825E802631CDB72B07 /* Pods-MealUITests.debug.xcconfig */;
			buildSettings = {
				INFOPLIST_FILE = MealUITests/Info.plist;
				LD_RUNPATH_SEARCH_PATHS = "$(inherited) @executable_path/Frameworks @loader_path/Frameworks";
				PRODUCT_BUNDLE_IDENTIFIER = com.none.MealUITests;
				PRODUCT_NAME = "$(TARGET_NAME)";
				TEST_TARGET_NAME = Meal;
			};
			name = Debug;
		};
		0D4C9BEC1D53341E00E1B534 /* Release */ = {
			isa = XCBuildConfiguration;
			baseConfigurationReference = 749E4C1FC0D80D21003C763B /* Pods-MealUITests.release.xcconfig */;
			buildSettings = {
				INFOPLIST_FILE = MealUITests/Info.plist;
				LD_RUNPATH_SEARCH_PATHS = "$(inherited) @executable_path/Frameworks @loader_path/Frameworks";
				PRODUCT_BUNDLE_IDENTIFIER = com.none.MealUITests;
				PRODUCT_NAME = "$(TARGET_NAME)";
				TEST_TARGET_NAME = Meal;
			};
			name = Release;
		};
/* End XCBuildConfiguration section */

/* Begin XCConfigurationList section */
		0D4C9BB21D53341E00E1B534 /* Build configuration list for PBXProject "Meal" */ = {
			isa = XCConfigurationList;
			buildConfigurations = (
				0D4C9BE21D53341E00E1B534 /* Debug */,
				0D4C9BE31D53341E00E1B534 /* Release */,
			);
			defaultConfigurationIsVisible = 0;
			defaultConfigurationName = Release;
		};
		0D4C9BE41D53341E00E1B534 /* Build configuration list for PBXNativeTarget "Meal" */ = {
			isa = XCConfigurationList;
			buildConfigurations = (
				0D4C9BE51D53341E00E1B534 /* Debug */,
				0D4C9BE61D53341E00E1B534 /* Release */,
			);
			defaultConfigurationIsVisible = 0;
			defaultConfigurationName = Release;
		};
		0D4C9BE71D53341E00E1B534 /* Build configuration list for PBXNativeTarget "MealTests" */ = {
			isa = XCConfigurationList;
			buildConfigurations = (
				0D4C9BE81D53341E00E1B534 /* Debug */,
				0D4C9BE91D53341E00E1B534 /* Release */,
			);
			defaultConfigurationIsVisible = 0;
			defaultConfigurationName = Release;
		};
		0D4C9BEA1D53341E00E1B534 /* Build configuration list for PBXNativeTarget "MealUITests" */ = {
			isa = XCConfigurationList;
			buildConfigurations = (
				0D4C9BEB1D53341E00E1B534 /* Debug */,
				0D4C9BEC1D53341E00E1B534 /* Release */,
			);
			defaultConfigurationIsVisible = 0;
			defaultConfigurationName = Release;
		};
/* End XCConfigurationList section */
	};
	rootObject = 0D4C9BAF1D53341E00E1B534 /* Project object */;
}
